
Microsoft Visual Studio Solution File, Format Version 12.00
# Visual Studio Version 17
VisualStudioVersion = 17.5.33516.290
MinimumVisualStudioVersion = 10.0.40219.1
Project("{FAE04EC0-301F-11D3-BF4B-00C04F79EFBC}") = "VeterinaryClinic.Web.JorgePinto", "VeterinaryClinic.Web.JorgePinto\VeterinaryClinic.Web.JorgePinto.csproj", "{D056CB34-A848-4319-85B4-D3DAABEF7422}"
EndProject
Global
	GlobalSection(SolutionConfigurationPlatforms) = preSolution
		Debug|Any CPU = Debug|Any CPU
		Release|Any CPU = Release|Any CPU
	EndGlobalSection
	GlobalSection(ProjectConfigurationPlatforms) = postSolution
		{D056CB34-A848-4319-85B4-D3DAABEF7422}.Debug|Any CPU.ActiveCfg = Debug|Any CPU
		{D056CB34-A848-4319-85B4-D3DAABEF7422}.Debug|Any CPU.Build.0 = Debug|Any CPU
		{D056CB34-A848-4319-85B4-D3DAABEF7422}.Release|Any CPU.ActiveCfg = Release|Any CPU
		{D056CB34-A848-4319-85B4-D3DAABEF7422}.Release|Any CPU.Build.0 = Release|Any CPU
	EndGlobalSection
	GlobalSection(SolutionProperties) = preSolution
		HideSolutionNode = FALSE
	EndGlobalSection
	GlobalSection(ExtensibilityGlobals) = postSolution
		SolutionGuid = {C5B97B54-05E4-4EA0-A294-89F57E03B383}
	EndGlobalSection
EndGlobal
